{
  "lockfileVersion": 2,
  "configVersion": 1,
  "workspaces": {
    "": {
      "name": "cloud-run-dsh",
      "devDependencies": {
        "@types/bun": "1.4.0",
        "typescript": "5.9.3",
      },
    },
    "apps/agent-host": {
      "name": "@cloud-run-dsh/agent-host",
      "version": "0.0.0",
      "dependencies": {
        "@cloud-run-dsh/cloud-run-instance-client": "workspace:*",
        "@cloud-run-dsh/cloud-run-sandbox": "workspace:*",
        "@cloud-run-dsh/controller-lease": "workspace:*",
        "@cloud-run-dsh/dsh-subprocess-cloud-run": "workspace:*",
        "@cloud-run-dsh/github-credential-broker": "workspace:*",
        "@cloud-run-dsh/observability": "workspace:*",
        "@cloud-run-dsh/session-persistence-postgres": "workspace:*",
        "@cloud-run-dsh/workspace-checkpoint": "workspace:*",
        "@cloud-run-dsh/workspace-runtime": "workspace:*",
        "@deepseek-ai/cordis": "4.0.2",
        "@deepseek-ai/dsh-agent": "0.1.2-rc.1",
        "@deepseek-ai/dsh-agent-loop": "0.1.2-rc.1",
        "@deepseek-ai/dsh-fs": "0.1.2-rc.1",
        "@deepseek-ai/dsh-fs-local": "0.1.2-rc.1",
        "@deepseek-ai/dsh-fs-observation-policy": "0.1.2-rc.1",
        "@deepseek-ai/dsh-fs-sandbox": "0.1.2-rc.1",
        "@deepseek-ai/dsh-llm": "0.1.2-rc.1",
        "@deepseek-ai/dsh-llm-deepseek": "0.1.2-rc.1",
        "@deepseek-ai/dsh-sandbox": "0.1.2-rc.1",
        "@deepseek-ai/dsh-sandbox-policy": "0.1.2-rc.1",
        "@deepseek-ai/dsh-session": "0.1.2-rc.1",
        "@deepseek-ai/dsh-session-projection": "0.1.2-rc.1",
        "@deepseek-ai/dsh-subprocess": "0.1.2-rc.1",
        "@deepseek-ai/dsh-system-prompt": "0.1.2-rc.1",
        "@deepseek-ai/dsh-timeout": "0.1.2-rc.1",
        "@deepseek-ai/dsh-tool-fs": "0.1.2-rc.1",
        "@deepseek-ai/dsh-tool-fs-search": "0.1.2-rc.1",
        "@deepseek-ai/dsh-tools": "0.1.2-rc.1",
        "@deepseek-ai/dsh-user-approval": "0.1.2-rc.1",
      },
    },
    "apps/control-plane": {
      "name": "@cloud-run-dsh/control-plane",
      "version": "0.0.0",
      "dependencies": {
        "@cloud-run-dsh/cloud-run-instance-client": "workspace:*",
        "@cloud-run-dsh/controller-lease": "workspace:*",
        "@cloud-run-dsh/observability": "workspace:*",
        "@cloud-run-dsh/session-persistence-postgres": "workspace:*",
        "@cloud-run-dsh/workspace-checkpoint": "workspace:*",
        "@cloud-run-dsh/workspace-runtime": "workspace:*",
      },
    },
    "packages/cloud-run-instance-client": {
      "name": "@cloud-run-dsh/cloud-run-instance-client",
      "version": "0.0.0",
    },
    "packages/cloud-run-sandbox": {
      "name": "@cloud-run-dsh/cloud-run-sandbox",
      "version": "0.0.0",
    },
    "packages/controller-lease": {
      "name": "@cloud-run-dsh/controller-lease",
      "version": "0.0.0",
    },
    "packages/dsh-subprocess-cloud-run": {
      "name": "@cloud-run-dsh/dsh-subprocess-cloud-run",
      "version": "0.0.0",
      "dependencies": {
        "@cloud-run-dsh/cloud-run-sandbox": "workspace:*",
      },
    },
    "packages/github-credential-broker": {
      "name": "@cloud-run-dsh/github-credential-broker",
      "version": "0.0.0",
    },
    "packages/observability": {
      "name": "@cloud-run-dsh/observability",
      "version": "0.0.0",
    },
    "packages/session-persistence-postgres": {
      "name": "@cloud-run-dsh/session-persistence-postgres",
      "version": "0.0.0",
    },
    "packages/workspace-checkpoint": {
      "name": "@cloud-run-dsh/workspace-checkpoint",
      "version": "0.0.0",
    },
    "packages/workspace-runtime": {
      "name": "@cloud-run-dsh/workspace-runtime",
      "version": "0.0.0",
      "dependencies": {
        "@cloud-run-dsh/cloud-run-instance-client": "workspace:*",
        "@cloud-run-dsh/workspace-checkpoint": "workspace:*",
      },
    },
  },
  "packages": {
    "@cloud-run-dsh/agent-host": ["@cloud-run-dsh/agent-host@workspace:apps/agent-host"],

    "@cloud-run-dsh/cloud-run-instance-client": ["@cloud-run-dsh/cloud-run-instance-client@workspace:packages/cloud-run-instance-client"],

    "@cloud-run-dsh/cloud-run-sandbox": ["@cloud-run-dsh/cloud-run-sandbox@workspace:packages/cloud-run-sandbox"],

    "@cloud-run-dsh/control-plane": ["@cloud-run-dsh/control-plane@workspace:apps/control-plane"],

    "@cloud-run-dsh/controller-lease": ["@cloud-run-dsh/controller-lease@workspace:packages/controller-lease"],

    "@cloud-run-dsh/dsh-subprocess-cloud-run": ["@cloud-run-dsh/dsh-subprocess-cloud-run@workspace:packages/dsh-subprocess-cloud-run"],

    "@cloud-run-dsh/github-credential-broker": ["@cloud-run-dsh/github-credential-broker@workspace:packages/github-credential-broker"],

    "@cloud-run-dsh/observability": ["@cloud-run-dsh/observability@workspace:packages/observability"],

    "@cloud-run-dsh/session-persistence-postgres": ["@cloud-run-dsh/session-persistence-postgres@workspace:packages/session-persistence-postgres"],

    "@cloud-run-dsh/workspace-checkpoint": ["@cloud-run-dsh/workspace-checkpoint@workspace:packages/workspace-checkpoint"],

    "@cloud-run-dsh/workspace-runtime": ["@cloud-run-dsh/workspace-runtime@workspace:packages/workspace-runtime"],

    "@deepseek-ai/cordis": ["@deepseek-ai/cordis@4.0.2", "", { "dependencies": { "@deepseek-ai/cosmokit": "^1.8.3", "@standard-schema/spec": "^1.1.0" }, "peerDependencies": { "@deepseek-ai/cordis-plugin-include": "^1.0.7", "@deepseek-ai/cordis-plugin-loader": "^1.0.3" }, "optionalPeers": ["@deepseek-ai/cordis-plugin-include", "@deepseek-ai/cordis-plugin-loader"], "bin": { "cordis": "bin.js" } }, "sha512-asOnXP1TzFSFQlHb1iegDZp0z/8WD1c7YNrwJR/Tx2bzNuMXfcekE/I67Iv6SQXeLB4csxqCngzQKANP7gdw0g=="],

    "@deepseek-ai/cosmokit": ["@deepseek-ai/cosmokit@1.8.3", "", {}, "sha512-qBo+ronVM6Eu2WNVJXi8JcMiqZ19T9BRIpV+5qJUFPXjGH/Z0QKcQMC/IZJ7L394YTOtJgcovbk9qP0w2GsBXQ=="],

    "@deepseek-ai/dsh-agent": ["@deepseek-ai/dsh-agent@0.1.2-rc.1", "", { "peerDependencies": { "@deepseek-ai/cordis": "^4.0.2", "@deepseek-ai/dsh-invariants": "^0.1.2-rc.1", "@deepseek-ai/dsh-llm": "^0.1.2-rc.1", "@deepseek-ai/dsh-scope": "^0.1.2-rc.1", "@deepseek-ai/dsh-session": "^0.1.2-rc.1", "@deepseek-ai/dsh-session-projection": "^0.1.2-rc.1", "@deepseek-ai/dsh-system-prompt": "^0.1.2-rc.1", "@deepseek-ai/dsh-typert-protocol": "^0.1.2-rc.1" } }, "sha512-lfaqN34vUCWvbn1kJVHrhfJ6Dvt1HDHCm33ZCpmKkl07/5q6FxWqVv6rOdVX5QnM/9xz/uYiN0nQwUtBg4+Skg=="],

    "@deepseek-ai/dsh-agent-loop": ["@deepseek-ai/dsh-agent-loop@0.1.2-rc.1", "", { "dependencies": { "@deepseek-ai/dsh-brand": "^0.1.2-rc.1", "@deepseek-ai/dsh-util-values": "^0.1.2-rc.1", "@deepseek-ai/schemastery": "^3.18.2", "zod": "^4.4.3" }, "peerDependencies": { "@deepseek-ai/cordis": "^4.0.2", "@deepseek-ai/dsh-agent": "^0.1.2-rc.1", "@deepseek-ai/dsh-invariants": "^0.1.2-rc.1", "@deepseek-ai/dsh-llm": "^0.1.2-rc.1", "@deepseek-ai/dsh-scope": "^0.1.2-rc.1", "@deepseek-ai/dsh-session": "^0.1.2-rc.1", "@deepseek-ai/dsh-session-persistence": "^0.1.2-rc.1", "@deepseek-ai/dsh-session-projection": "^0.1.2-rc.1", "@deepseek-ai/dsh-settings": "^0.1.2-rc.1", "@deepseek-ai/dsh-system-prompt": "^0.1.2-rc.1", "@deepseek-ai/dsh-tools": "^0.1.2-rc.1" } }, "sha512-4h16Gn/5oXLTFeorehdlKe5xmDKscR/eRsUu3cs6clKgaTrn6YvnWNB0XkYEg+AXiXbsyfl5MW5Bs4576t7vZw=="],

    "@deepseek-ai/dsh-anonymous-user-id": ["@deepseek-ai/dsh-anonymous-user-id@0.1.2-rc.1", "", { "peerDependencies": { "@deepseek-ai/cordis": "^4.0.2", "@deepseek-ai/dsh-brand": "^0.1.2-rc.1", "@deepseek-ai/dsh-home-paths": "^0.1.2-rc.1" } }, "sha512-8skUsMXiGnyKJi+AiRjGoXIl8inJHgeHgoruW8pjPpWN6g3qJSbO8U9JRZtvwymtjJsQuHmKPI28jc4H6jOCOQ=="],

    "@deepseek-ai/dsh-atomic-write": ["@deepseek-ai/dsh-atomic-write@0.1.2-rc.1", "", { "peerDependencies": { "@deepseek-ai/cordis": "^4.0.2" } }, "sha512-lwWwdXRZrL/xCluykwh+HSFzNPlSyhLPP3oyXas5Zp0e+bc7blk9u6J7bY2GTNBQBIUC7AN+xwFKd3fnkIXGIw=="],

    "@deepseek-ai/dsh-attachment": ["@deepseek-ai/dsh-attachment@0.1.2-rc.1", "", { "peerDependencies": { "@deepseek-ai/cordis": "^4.0.2", "@deepseek-ai/dsh-brand": "^0.1.2-rc.1" } }, "sha512-QISKUjEITusLvAkqPLRn70xDUt+GjjY41pISjtPKYcZ4EGmayzhgZ3VJNYEcC+rbaF44hs2o/0VhOwHA7lyxjw=="],

    "@deepseek-ai/dsh-brand": ["@deepseek-ai/dsh-brand@0.1.2-rc.1", "", { "peerDependencies": { "@deepseek-ai/cordis": "^4.0.2" } }, "sha512-y2RHIag3kzLdY8kTBuSUSTsKzWPscJrysNObXTiNM7stXLpa3jXpshsB1caqGzNx50vYcmHeN1gFVECgx3NZHg=="],

    "@deepseek-ai/dsh-code-runtime": ["@deepseek-ai/dsh-code-runtime@0.1.2-rc.1", "", { "peerDependencies": { "@deepseek-ai/cordis": "^4.0.2" } }, "sha512-dv5UszPJb/AFcarZc2c6h5z/X80bsrSd3bfIOugwNVclSI6P+L3ixseoZKgyks7T0Ap0h6ngXGk2WeoUkmYxnQ=="],

    "@deepseek-ai/dsh-credentials": ["@deepseek-ai/dsh-credentials@0.1.2-rc.1", "", { "dependencies": { "@deepseek-ai/dsh-brand": "^0.1.2-rc.1" }, "peerDependencies": { "@deepseek-ai/cordis": "^4.0.2", "@deepseek-ai/dsh-invariants": "^0.1.2-rc.1" } }, "sha512-e7DGpuYQqiD4dOWGQeY/XAWPTjbax/MkrXBwsB8wBtNpoPiAKiLYgd+iFiQc66BGOlutSRFz31IKdbduqPbTxA=="],

    "@deepseek-ai/dsh-deepseek-llm-api-extensions": ["@deepseek-ai/dsh-deepseek-llm-api-extensions@0.1.2-rc.1", "", { "peerDependencies": { "@deepseek-ai/cordis": "^4.0.2" } }, "sha512-7UTnGeKWpxfJRewQ8uADe2CoSCaJesI6W8YXJ/SzHA9hvHx8KM3hZl0fD6OxlQszUFoSeWdkCFZocAd97Dw5Eg=="],

    "@deepseek-ai/dsh-fs": ["@deepseek-ai/dsh-fs@0.1.2-rc.1", "", { "peerDependencies": { "@deepseek-ai/cordis": "^4.0.2", "@deepseek-ai/dsh-brand": "^0.1.2-rc.1", "@deepseek-ai/dsh-invariants": "^0.1.2-rc.1", "@deepseek-ai/dsh-llm": "^0.1.2-rc.1", "@deepseek-ai/dsh-sandbox": "^0.1.2-rc.1" } }, "sha512-BSIB2j8WvATQ1mf7wUIpHPftDwbzz246qp6aUpLGSzBWGmLBdX3O1oDhyNV1YhgPmDQlwovac2odcAb62tuDdw=="],

    "@deepseek-ai/dsh-fs-local": ["@deepseek-ai/dsh-fs-local@0.1.2-rc.1", "", { "dependencies": { "@deepseek-ai/schemastery": "^3.18.2", "koffi": "^3.1.0" }, "peerDependencies": { "@deepseek-ai/cordis": "^4.0.2", "@deepseek-ai/dsh-fs": "^0.1.2-rc.1" } }, "sha512-tFHHKtD11tIk3FpkWF0vBKdX05zKbwqXQW9LhreA5hErCKEsulUsQLamf+kF1D8fuKqa8Yb+yWQIfYS93cy39w=="],

    "@deepseek-ai/dsh-fs-observation-policy": ["@deepseek-ai/dsh-fs-observation-policy@0.1.2-rc.1", "", { "peerDependencies": { "@deepseek-ai/cordis": "^4.0.2", "@deepseek-ai/dsh-fs": "^0.1.2-rc.1" } }, "sha512-Uw3ErcPwQZUvXylLSf+CDjzfAza5ZVNOMkG4hIJjvgG4WBg3tqoCOY2OQk4O1DGTie4EzL4mHpAe5auwoV4JTw=="],

    "@deepseek-ai/dsh-fs-sandbox": ["@deepseek-ai/dsh-fs-sandbox@0.1.2-rc.1", "", { "peerDependencies": { "@deepseek-ai/cordis": "^4.0.2", "@deepseek-ai/dsh-fs": "^0.1.2-rc.1", "@deepseek-ai/dsh-fs-local": "^0.1.2-rc.1", "@deepseek-ai/dsh-sandbox": "^0.1.2-rc.1", "@deepseek-ai/dsh-sandbox-policy": "^0.1.2-rc.1" } }, "sha512-nnZnsOYLWrN2AnoB0qvQBLhh2VdU4A39AqOgWwsxnT3JrScGpvBcBMCt4fpLP9l5VjOY1qhIbLf6xd5p93C/6Q=="],

    "@deepseek-ai/dsh-home-paths": ["@deepseek-ai/dsh-home-paths@0.1.2-rc.1", "", { "peerDependencies": { "@deepseek-ai/cordis": "^4.0.2" } }, "sha512-DeDXxvrhAlkS+hxNLSFvWp8LDFhn26pO8gcutptOgSkrObM0yYW5119kyduwD1ExW0v1geToX+uDjBxO/SS/pQ=="],

    "@deepseek-ai/dsh-invariants": ["@deepseek-ai/dsh-invariants@0.1.2-rc.1", "", { "dependencies": { "@deepseek-ai/schemastery": "^3.18.2" }, "peerDependencies": { "@deepseek-ai/cordis": "^4.0.2" } }, "sha512-zSjuFJYcEB94kPwn7SicqAV1dfVWZkjt1I8luDboxtjfp5CN6ziwJhLv3KaB+Dh9tgkyGY4mvo886W/HhE9L9g=="],

    "@deepseek-ai/dsh-launch-environment": ["@deepseek-ai/dsh-launch-environment@0.1.2-rc.1", "", { "peerDependencies": { "@deepseek-ai/cordis": "^4.0.2" } }, "sha512-f9yDccTKrbClo71pIiAGqBxPsYf+vvcYA5zxkfgmjphpxI3HMwdDl+LNyqTHBe9UxpbgBzQNYQGtfWO0kDTefg=="],

    "@deepseek-ai/dsh-llm": ["@deepseek-ai/dsh-llm@0.1.2-rc.1", "", { "dependencies": { "@deepseek-ai/dsh-brand": "^0.1.2-rc.1", "@deepseek-ai/dsh-timeout": "^0.1.2-rc.1", "@deepseek-ai/dsh-typert-protocol": "^0.1.2-rc.1", "@deepseek-ai/dsh-util-crypto": "^0.1.2-rc.1", "@deepseek-ai/dsh-util-values": "^0.1.2-rc.1", "@deepseek-ai/schemastery": "^3.18.2", "zod": "^4.4.3" }, "peerDependencies": { "@deepseek-ai/cordis": "^4.0.2" } }, "sha512-7VYsha5AXsVLnsAwYJffWXz9bwUbElw8i5N8tlTSdai9Bupk3sMbsotzPf8ZbsuGAxQYErahMwQwgGEu4qZO6g=="],

    "@deepseek-ai/dsh-llm-deepseek": ["@deepseek-ai/dsh-llm-deepseek@0.1.2-rc.1", "", { "dependencies": { "@deepseek-ai/dsh-brand": "^0.1.2-rc.1", "@deepseek-ai/dsh-util-values": "^0.1.2-rc.1", "@deepseek-ai/schemastery": "^3.18.2", "eventsource-parser": "^3.1.0" }, "peerDependencies": { "@deepseek-ai/cordis": "^4.0.2", "@deepseek-ai/dsh-anonymous-user-id": "^0.1.2-rc.1", "@deepseek-ai/dsh-atomic-write": "^0.1.2-rc.1", "@deepseek-ai/dsh-attachment": "^0.1.2-rc.1", "@deepseek-ai/dsh-credentials": "^0.1.2-rc.1", "@deepseek-ai/dsh-deepseek-llm-api-extensions": "^0.1.2-rc.1", "@deepseek-ai/dsh-fs": "^0.1.2-rc.1", "@deepseek-ai/dsh-home-paths": "^0.1.2-rc.1", "@deepseek-ai/dsh-launch-environment": "^0.1.2-rc.1", "@deepseek-ai/dsh-llm": "^0.1.2-rc.1", "@deepseek-ai/dsh-settings": "^0.1.2-rc.1", "@deepseek-ai/dsh-timeout": "^0.1.2-rc.1" } }, "sha512-FWt7UZ6l0XN2IFIBYVPJUQkFI0knmA3kZiNIhsdQCjJT5zGe1ZzH1EqqpO5Rzc6THIox58VkvLIllU6Mns4dIQ=="],

    "@deepseek-ai/dsh-output-retention": ["@deepseek-ai/dsh-output-retention@0.1.2-rc.1", "", { "peerDependencies": { "@deepseek-ai/cordis": "^4.0.2" } }, "sha512-QkLhJVGmausQ3kYORlp1aP1XjloG2J0mJZvnplNJt6iWPmzkE8ObAWOBpQGMVNrNAsucrXr/haeGU1gXLUSXsg=="],

    "@deepseek-ai/dsh-sandbox": ["@deepseek-ai/dsh-sandbox@0.1.2-rc.1", "", { "dependencies": { "@deepseek-ai/dsh-util-values": "^0.1.2-rc.1" }, "peerDependencies": { "@deepseek-ai/cordis": "^4.0.2", "@deepseek-ai/dsh-llm": "^0.1.2-rc.1", "@deepseek-ai/dsh-session": "^0.1.2-rc.1" } }, "sha512-nTO350NlVo9cvKzbeILcPIRIk9ijidrv29snRjTOx7kP5aO/BI2b4KxsRCYoXg8WGAMbIkGbsmZKUD4qz7hyXQ=="],

    "@deepseek-ai/dsh-sandbox-policy": ["@deepseek-ai/dsh-sandbox-policy@0.1.2-rc.1", "", { "dependencies": { "@deepseek-ai/schemastery": "^3.18.2", "zod": "^4.4.3" }, "peerDependencies": { "@deepseek-ai/cordis": "^4.0.2", "@deepseek-ai/dsh-agent": "^0.1.2-rc.1", "@deepseek-ai/dsh-invariants": "^0.1.2-rc.1", "@deepseek-ai/dsh-sandbox": "^0.1.2-rc.1", "@deepseek-ai/dsh-session": "^0.1.2-rc.1", "@deepseek-ai/dsh-session-projection": "^0.1.2-rc.1", "@deepseek-ai/dsh-system-prompt": "^0.1.2-rc.1" } }, "sha512-nLARL84X6K4DCUJsqRWINg3+1EVxsw70hbP+Yl92W/PsquQVs/UJQc55gnhYGmIMf6eJ0vQv39fziNSnAxdx5A=="],

    "@deepseek-ai/dsh-scope": ["@deepseek-ai/dsh-scope@0.1.2-rc.1", "", { "peerDependencies": { "@deepseek-ai/cordis": "^4.0.2", "@deepseek-ai/dsh-invariants": "^0.1.2-rc.1" } }, "sha512-GHwbzWrGbmE0ZGzAZsXBudpyCM9ENCpXxlKODIaPFbIWhRePh6nH2jW47TAOqCIsPPedWC2p3w8Tx5WAa3I/2A=="],

    "@deepseek-ai/dsh-session": ["@deepseek-ai/dsh-session@0.1.2-rc.1", "", { "dependencies": { "@deepseek-ai/dsh-brand": "^0.1.2-rc.1", "@deepseek-ai/dsh-llm": "^0.1.2-rc.1", "@deepseek-ai/dsh-util-values": "^0.1.2-rc.1" }, "peerDependencies": { "@deepseek-ai/cordis": "^4.0.2", "@deepseek-ai/dsh-scope": "^0.1.2-rc.1" } }, "sha512-jRGNPTbQcvIx1F2MVmmkoiHLgpC3Btqo1wkl/3JDLlOWRVWKOuaC+5fQiMrFPOYfno6YiX/c2UvmA0td8qB92w=="],

    "@deepseek-ai/dsh-session-persistence": ["@deepseek-ai/dsh-session-persistence@0.1.2-rc.1", "", { "dependencies": { "@deepseek-ai/dsh-util-values": "^0.1.2-rc.1" }, "peerDependencies": { "@deepseek-ai/cordis": "^4.0.2", "@deepseek-ai/dsh-brand": "^0.1.2-rc.1", "@deepseek-ai/dsh-session": "^0.1.2-rc.1", "@deepseek-ai/dsh-timeout": "^0.1.2-rc.1" } }, "sha512-8dnQGgqA8yK7SIxyC2utRdkHhM7mxw9iidDlPOx4GRO4fgY8+UpjxFvWPshkKsY2WNYY/nYcZQt5NNoE/Br4Dw=="],

    "@deepseek-ai/dsh-session-projection": ["@deepseek-ai/dsh-session-projection@0.1.2-rc.1", "", { "dependencies": { "zod": "^4.4.3" }, "peerDependencies": { "@deepseek-ai/cordis": "^4.0.2", "@deepseek-ai/dsh-session": "^0.1.2-rc.1" } }, "sha512-qVWlIzPm4u9vzQ5G/QtE6jeSJ3b3b42hWVJj664BurEZlHbAfdqkhYc1QsoBU+5k5kUEJFHh07z8HxuXA9kTnQ=="],

    "@deepseek-ai/dsh-settings": ["@deepseek-ai/dsh-settings@0.1.2-rc.1", "", { "dependencies": { "@deepseek-ai/dsh-util-values": "^0.1.2-rc.1" }, "peerDependencies": { "@deepseek-ai/cordis": "^4.0.2", "@deepseek-ai/dsh-brand": "^0.1.2-rc.1", "@deepseek-ai/dsh-invariants": "^0.1.2-rc.1", "@deepseek-ai/dsh-session": "^0.1.2-rc.1", "@deepseek-ai/schemastery": "^3.18.2" } }, "sha512-wMmJ2w5S6I7hgmgPppuAVemltEcTmAa8gvii7fk4T2KGVCuBYgig8xPwQ8Lp2ukLZSzzE6ZVCQxhdYZyJX/USA=="],

    "@deepseek-ai/dsh-spill": ["@deepseek-ai/dsh-spill@0.1.2-rc.1", "", { "peerDependencies": { "@deepseek-ai/cordis": "^4.0.2", "@deepseek-ai/dsh-brand": "^0.1.2-rc.1", "@deepseek-ai/dsh-llm": "^0.1.2-rc.1", "@deepseek-ai/dsh-session": "^0.1.2-rc.1" } }, "sha512-tt5DfoVmLHWwGPumYSBXWNzf43Kmp8xiWwGb19w+UuiCgDo/zWzTIKyBHI2fUyuwoc9Itk7zDu2WOp/o21XDWw=="],

    "@deepseek-ai/dsh-subprocess": ["@deepseek-ai/dsh-subprocess@0.1.2-rc.1", "", { "peerDependencies": { "@deepseek-ai/cordis": "^4.0.2" } }, "sha512-roTna1QHNpR5NsOLBWRai+GxW1hQAUyIyXOg5tsAIPXt7dug/kZJXeryiR9e92Fc/yoXzHMgrBQCThuXuo97LA=="],

    "@deepseek-ai/dsh-system-prompt": ["@deepseek-ai/dsh-system-prompt@0.1.2-rc.1", "", { "dependencies": { "@deepseek-ai/schemastery": "^3.18.2" }, "peerDependencies": { "@deepseek-ai/cordis": "^4.0.2", "@deepseek-ai/dsh-invariants": "^0.1.2-rc.1", "@deepseek-ai/dsh-llm": "^0.1.2-rc.1", "@deepseek-ai/dsh-scope": "^0.1.2-rc.1" } }, "sha512-7W93PZKIk4CHvjZGgLIxrrEKpk+6t8nQXje1vKR5vG73dfXH0t1MJ5WWH/fngadYc7c6KzM84ihQ66tJqJqyNQ=="],

    "@deepseek-ai/dsh-timeout": ["@deepseek-ai/dsh-timeout@0.1.2-rc.1", "", { "peerDependencies": { "@deepseek-ai/cordis": "^4.0.2" } }, "sha512-llz11yxWeJB8suKCa6hRLjNBWVaPn3Fbd0XoBS0bkZLhPFzO1mDorx/XMca2GhI7XF9A86CURQcDt+aGjjvqJA=="],

    "@deepseek-ai/dsh-tool-fs": ["@deepseek-ai/dsh-tool-fs@0.1.2-rc.1", "", { "dependencies": { "@deepseek-ai/schemastery": "^3.18.2", "diff": "^9.0.0" }, "peerDependencies": { "@deepseek-ai/cordis": "^4.0.2", "@deepseek-ai/dsh-attachment": "^0.1.2-rc.1", "@deepseek-ai/dsh-fs": "^0.1.2-rc.1", "@deepseek-ai/dsh-llm": "^0.1.2-rc.1", "@deepseek-ai/dsh-sandbox": "^0.1.2-rc.1", "@deepseek-ai/dsh-sandbox-policy": "^0.1.2-rc.1", "@deepseek-ai/dsh-session": "^0.1.2-rc.1", "@deepseek-ai/dsh-system-prompt": "^0.1.2-rc.1", "@deepseek-ai/dsh-tools": "^0.1.2-rc.1", "@deepseek-ai/dsh-user-approval": "^0.1.2-rc.1" } }, "sha512-9a1lcPGD4Z3p7OLTMkkCdwN0w7Gl96Jlypq6qopUA0WMkKai83VfeLZvramPnTJo6ezpuPXcLFWGm/2UDSlbcA=="],

    "@deepseek-ai/dsh-tool-fs-search": ["@deepseek-ai/dsh-tool-fs-search@0.1.2-rc.1", "", { "dependencies": { "@deepseek-ai/schemastery": "^3.18.2", "@vscode/ripgrep": "^1.18.0" }, "peerDependencies": { "@deepseek-ai/cordis": "^4.0.2", "@deepseek-ai/dsh-llm": "^0.1.2-rc.1", "@deepseek-ai/dsh-output-retention": "^0.1.2-rc.1", "@deepseek-ai/dsh-session": "^0.1.2-rc.1", "@deepseek-ai/dsh-spill": "^0.1.2-rc.1", "@deepseek-ai/dsh-subprocess": "^0.1.2-rc.1", "@deepseek-ai/dsh-system-prompt": "^0.1.2-rc.1", "@deepseek-ai/dsh-timeout": "^0.1.2-rc.1", "@deepseek-ai/dsh-tools": "^0.1.2-rc.1" } }, "sha512-F6j7OhMCowlOwIYmB4hA6sqenw2V7Eez90BjLww87iM9YarR6D/CQcHJN4OIViepuyE4sLtk5gkXM8oT/PeTNg=="],

    "@deepseek-ai/dsh-tools": ["@deepseek-ai/dsh-tools@0.1.2-rc.1", "", { "dependencies": { "@deepseek-ai/dsh-brand": "^0.1.2-rc.1", "@deepseek-ai/dsh-util-values": "^0.1.2-rc.1", "@deepseek-ai/schemastery": "^3.18.2" }, "peerDependencies": { "@deepseek-ai/cordis": "^4.0.2", "@deepseek-ai/dsh-agent": "^0.1.2-rc.1", "@deepseek-ai/dsh-code-runtime": "^0.1.2-rc.1", "@deepseek-ai/dsh-invariants": "^0.1.2-rc.1", "@deepseek-ai/dsh-llm": "^0.1.2-rc.1", "@deepseek-ai/dsh-scope": "^0.1.2-rc.1", "@deepseek-ai/dsh-session": "^0.1.2-rc.1", "@deepseek-ai/dsh-system-prompt": "^0.1.2-rc.1", "@deepseek-ai/dsh-user-approval": "^0.1.2-rc.1" } }, "sha512-W9kUio00s7WbM8kEwniyd4hfb3CeUxVczsjXbOcKtakfiTywNLeyRWkpx2fvwRAH2rBfg3qCgczVfS0DOw1csg=="],

    "@deepseek-ai/dsh-typert-protocol": ["@deepseek-ai/dsh-typert-protocol@0.1.2-rc.1", "", { "peerDependencies": { "@deepseek-ai/cordis": "^4.0.2" } }, "sha512-vBWD0NpriPd96ltbWaAw+iKeWFIEjiAcCWYtmqEcV1Ms+FaV02usjjm7LCmhSQhMZpBSBc7EZUX0spGlpjI1bA=="],

    "@deepseek-ai/dsh-user-approval": ["@deepseek-ai/dsh-user-approval@0.1.2-rc.1", "", { "dependencies": { "@deepseek-ai/schemastery": "^3.18.2" }, "peerDependencies": { "@deepseek-ai/cordis": "^4.0.2", "@deepseek-ai/dsh-agent": "^0.1.2-rc.1", "@deepseek-ai/dsh-brand": "^0.1.2-rc.1", "@deepseek-ai/dsh-invariants": "^0.1.2-rc.1", "@deepseek-ai/dsh-llm": "^0.1.2-rc.1", "@deepseek-ai/dsh-scope": "^0.1.2-rc.1", "@deepseek-ai/dsh-session": "^0.1.2-rc.1", "@deepseek-ai/dsh-system-prompt": "^0.1.2-rc.1" } }, "sha512-oYkLE4a/TwqVNi299pUf/QP1Yku6KScdUCTUyYbjaRBcN+/pXPpHikl2aoE2thH9D0uT/Kj6T2kz+wDDcFd9Xg=="],

    "@deepseek-ai/dsh-util-crypto": ["@deepseek-ai/dsh-util-crypto@0.1.2-rc.1", "", { "peerDependencies": { "@deepseek-ai/cordis": "^4.0.2" } }, "sha512-gE8FznQ1hkknw9QMrHNSlm3UEyRYuj3MLVvlJ6NyH1kmOsdjnbrVbSs+Pn72k2oIV4Fiyu3Umg0sLznUEcsiXw=="],

    "@deepseek-ai/dsh-util-values": ["@deepseek-ai/dsh-util-values@0.1.2-rc.1", "", { "peerDependencies": { "@deepseek-ai/cordis": "^4.0.2" } }, "sha512-FQdgoK+KYVR0pBQb9fTsajvGb3gzUxEzJQEYnFOt+Qdwc4nkxJOPwJJdIvXuqvZaQ33DaOoqpnpcr2p5HpLu4g=="],

    "@deepseek-ai/schemastery": ["@deepseek-ai/schemastery@3.18.2", "", { "dependencies": { "@deepseek-ai/cosmokit": "^1.8.3", "@standard-schema/spec": "^1.1.0" } }, "sha512-njDtZsznjYxok7KLLlHOPyuv2efdWVbSflAHgztSfbMsg+CVraEoRe2DjOCgClYv3ZCSm7WXoaUkbB/+RY7tWQ=="],

    "@koromix/koffi-darwin-arm64": ["@koromix/koffi-darwin-arm64@3.2.0", "", { "os": "darwin", "cpu": "arm64" }, "sha512-UfIfdmrUYBBC56jq+6rlyUCKGPiA2XnXTTzp5S1jXeDkXFdc2Sg8C1Zj/fi7XM0e6CgA416i3GsuE5oKfe0FZw=="],

    "@koromix/koffi-darwin-x64": ["@koromix/koffi-darwin-x64@3.2.0", "", { "os": "darwin", "cpu": "x64" }, "sha512-kTT+DOP9ymb8LCoJQrs5tvm6NWGbrqcGNdhlnZL+BndHOCoaYl7xzCzFmlKpAsS3Y1Uvyr2znrut/b+7wOuiOg=="],

    "@koromix/koffi-freebsd-arm64": ["@koromix/koffi-freebsd-arm64@3.2.0", "", { "os": "freebsd", "cpu": "arm64" }, "sha512-NxM8Lv8IHfuWxxtTzjz81haUFdraFVEe0aB6YN7c66tsyXMvbUiB5sbBDfjPa1NeMEBDhfFj3gGmawxY3i+93w=="],

    "@koromix/koffi-freebsd-ia32": ["@koromix/koffi-freebsd-ia32@3.2.0", "", { "os": "freebsd", "cpu": "ia32" }, "sha512-iOvIomlKzHgx29TgSJiACX5u48mWx+eEjkKcNZbD7mY/9K0YJ0/PtbqCO91RavdzTJakvDk8yImTEIml+xfBUg=="],

    "@koromix/koffi-freebsd-x64": ["@koromix/koffi-freebsd-x64@3.2.0", "", { "os": "freebsd", "cpu": "x64" }, "sha512-6yPK5X7/pRvhU/mSynNNCC3PCHKmbBmwJsCmg4C9Gi14oCzkahGxxFUhs/4KjblyPh/EnT5dGnc46Zo7rW1aeg=="],

    "@koromix/koffi-linux-arm": ["@koromix/koffi-linux-arm@3.2.0", "", { "os": "linux", "cpu": "arm" }, "sha512-6wNoA20K9UWVFesLUBpvh8NOT92HAYGtjWae65B2Xb7QSvU5reg7jd01xjRqaacNGwj5xeJ60UWFAGUOsVo9MQ=="],

    "@koromix/koffi-linux-arm64": ["@koromix/koffi-linux-arm64@3.2.0", "", { "os": "linux", "cpu": "arm64" }, "sha512-1zgAIK9KG7PY/eWOHnYrmGQh8VHBF9AzFee8PH7YWCJK1iE/cmKt2sctOlDeNBkKzvUpmaMz3LSgg66f15Xklg=="],

    "@koromix/koffi-linux-ia32": ["@koromix/koffi-linux-ia32@3.2.0", "", { "os": "linux", "cpu": "ia32" }, "sha512-dnK7II/P6408YDxylLmxgrbzGhL3w3P+AjN5HEimm//elO5e5LJl3VXi+u3Lrvfov5cHlnVwN8X4qIqchi0qTA=="],

    "@koromix/koffi-linux-loong64": ["@koromix/koffi-linux-loong64@3.2.0", "", { "os": "linux", "cpu": "none" }, "sha512-5gRWmjyldyl/0NaL3jxVRdN6u79i4krIpyHCICq+leoiez91ycZe+Vsq6Y4AbzcZ+mK4iNf4q4QCwvBAX5+ejg=="],

    "@koromix/koffi-linux-riscv64": ["@koromix/koffi-linux-riscv64@3.2.0", "", { "os": "linux", "cpu": "none" }, "sha512-nSnQ8o0NLn8ttOrdLad17xZu4iYeX/Ps7wAnvi9kxGve4pxOAwY6N7MLwSUHP2fZXi74ognY0uN2lRObOp1j2Q=="],

    "@koromix/koffi-linux-x64": ["@koromix/koffi-linux-x64@3.2.0", "", { "os": "linux", "cpu": "x64" }, "sha512-EWd0IQDzUUlxkNt7Sx9qPpGVvPTfqqqI7LCdocpjkxrARyguYGOPGJv3goSvoz3e95AyOZeojTlPKyqioAB5Ow=="],

    "@koromix/koffi-openbsd-ia32": ["@koromix/koffi-openbsd-ia32@3.2.0", "", { "os": "openbsd", "cpu": "ia32" }, "sha512-oUQzB56M1hMgkqelSpkJZKaQFrsAi19qwHI0xBwTLXHpX2HTZee92sF6fsxQIg7VD2f4fPjFDTjcC9vbRfB4UQ=="],

    "@koromix/koffi-openbsd-x64": ["@koromix/koffi-openbsd-x64@3.2.0", "", { "os": "openbsd", "cpu": "x64" }, "sha512-YJG4kCycHD5IGyCF6oJpHaSJ+j5rB1Y8DRHPW1M6gdYHvVd0kiDwLvKzSgAJ3l15KI5+wXalVZtugvV+1DaIPw=="],

    "@koromix/koffi-win32-arm64": ["@koromix/koffi-win32-arm64@3.2.0", "", { "os": "win32", "cpu": "arm64" }, "sha512-PnbLrDVyxdQdJJItUSgBPMH0BAvTqCDjNT0XmIZv2qdKV1TVqfMTYMhjfJKWrRfkXDPExJyhjTBdAidQGwuUPQ=="],

    "@koromix/koffi-win32-ia32": ["@koromix/koffi-win32-ia32@3.2.0", "", { "os": "win32", "cpu": "ia32" }, "sha512-d14KDZxJsK/nGK4Rb6jc4J76JLQztesVbRkbpKXEpvy4MxCrgFXwe5DTMP3nD4CRTmOGe9FzRfphAQBm9Dbkig=="],

    "@koromix/koffi-win32-x64": ["@koromix/koffi-win32-x64@3.2.0", "", { "os": "win32", "cpu": "x64" }, "sha512-09p81HVKDsLXkyMRrLQzsFtCjdcFgbRW765roAu5iChHj4gfWVrGDdvtBldc1BulIEgH1/gRwa2E4vEtW3/hlw=="],

    "@standard-schema/spec": ["@standard-schema/spec@1.1.0", "", {}, "sha512-l2aFy5jALhniG5HgqrD6jXLi/rUWrKvqN/qJx6yoJsgKhblVd+iqqU4RCXavm/jPityDo5TCvKMnpjKnOriy0w=="],

    "@types/bun": ["@types/bun@1.4.0", "", { "dependencies": { "bun-types": "1.4.0" } }, "sha512-K+lZULY23vRgK/CfTjFIV+tyifaNdSMlPh9j+6mQ/cLfpOznLyAuzgV/JQysyECpkBQLVMSyvjlr2fBUSA9wFQ=="],

    "@types/node": ["@types/node@26.4.1", "", { "dependencies": { "undici-types": "~8.3.0" } }, "sha512-k97ENvZWtvA6yqz5/FS6a7duDgOPEeOQOc2iKS/nY6mX6qJUKtLnWzQS+Xj6tXweyj6ZcTAK2Qecetnvi9nCLA=="],

    "@vscode/ripgrep": ["@vscode/ripgrep@1.18.0", "", { "optionalDependencies": { "@vscode/ripgrep-darwin-arm64": "1.18.0", "@vscode/ripgrep-darwin-x64": "1.18.0", "@vscode/ripgrep-linux-arm": "1.18.0", "@vscode/ripgrep-linux-arm64": "1.18.0", "@vscode/ripgrep-linux-ia32": "1.18.0", "@vscode/ripgrep-linux-ppc64": "1.18.0", "@vscode/ripgrep-linux-riscv64": "1.18.0", "@vscode/ripgrep-linux-s390x": "1.18.0", "@vscode/ripgrep-linux-x64": "1.18.0", "@vscode/ripgrep-win32-arm64": "1.18.0", "@vscode/ripgrep-win32-ia32": "1.18.0", "@vscode/ripgrep-win32-x64": "1.18.0" } }, "sha512-ns5lWe44tSfbTMbVUsyB+I1819PVSw4AdpgK0RNkzfWfwy6+3IUNSxwSrfTno1/oWaS/hERNz+XLWVyga2aJBQ=="],

    "@vscode/ripgrep-darwin-arm64": ["@vscode/ripgrep-darwin-arm64@1.18.0", "", { "os": "darwin", "cpu": "arm64" }, "sha512-r3ktHSvbFycQNF6sl7sNDPocpsI7J+mEzh1IaZFkY0spm3k2Z9t8hPAeOK7+p0l6p6/swkQC14XWX01low+94Q=="],

    "@vscode/ripgrep-darwin-x64": ["@vscode/ripgrep-darwin-x64@1.18.0", "", { "os": "darwin", "cpu": "x64" }, "sha512-25b4gWbL138dGuQU244ebCKKc0q05ULBMoFSz9oAEUHNeqK/lOJViDS7DRvbDazzAzSEdan391Znks/R5mkaTQ=="],

    "@vscode/ripgrep-linux-arm": ["@vscode/ripgrep-linux-arm@1.18.0", "", { "os": "linux", "cpu": "arm" }, "sha512-GDAvufNDHu8zqLEmXstalQF0Wh6wQvdsBi/Vg3Yi3CK4a8XoFXqqXVEHEZ9xQz3t0NfoSEc9JbvK9DDS6FxyxQ=="],

    "@vscode/ripgrep-linux-arm64": ["@vscode/ripgrep-linux-arm64@1.18.0", "", { "os": "linux", "cpu": "arm64" }, "sha512-lQ/5zTG++U0E3IhVgS4EPTTn/U4okncaRMM5GOFfOYZywS4nuD31GhkHbNYlDk5CuDC68+hYJ0/eQeyCKJDA+g=="],

    "@vscode/ripgrep-linux-ia32": ["@vscode/ripgrep-linux-ia32@1.18.0", "", { "os": "linux", "cpu": "ia32" }, "sha512-YWLkSUtFd4Jh5EepIhA9RJSfv3uMAVMo+2rBIGHPBnvgLrZciIs2cDKei1/p6Wc/aCzUoHyMAg2R6tw4ZCBKGg=="],

    "@vscode/ripgrep-linux-ppc64": ["@vscode/ripgrep-linux-ppc64@1.18.0", "", { "os": "linux", "cpu": "ppc64" }, "sha512-quXVY8fwQ8O/lvU1yrSqSl3jlUzysRSb+AfUfCL/tRtphxsKlFvPAejryZ6vg4Bgvn8XL74xb4qMCDmWgYrT5w=="],

    "@vscode/ripgrep-linux-riscv64": ["@vscode/ripgrep-linux-riscv64@1.18.0", "", { "os": "linux", "cpu": "none" }, "sha512-f5kBQBrWfQt8Q7OhSORuNDei5dkYagBj3y4jImSUXGMy8B/Ke7SltSRcUtjPv166FAFfHCAmWuZp3+cWnX2/Vw=="],

    "@vscode/ripgrep-linux-s390x": ["@vscode/ripgrep-linux-s390x@1.18.0", "", { "os": "linux", "cpu": "s390x" }, "sha512-rTOcJFGGcl2c07RUOWUo4U1ndnemKhY6A9hnMB18uk7jSgJc0d/QLBGWMWpumdtoJtpizn/wIv5mXIisJukusQ=="],

    "@vscode/ripgrep-linux-x64": ["@vscode/ripgrep-linux-x64@1.18.0", "", { "os": "linux", "cpu": "x64" }, "sha512-mQ3bVrUpnD2vs7QT0vX90Lt0cnUq467uFtEktIdsJJmW296RoSULRGqWgzG1AKxyBpNDD6l4ZO4qKf6SgyC23Q=="],

    "@vscode/ripgrep-win32-arm64": ["@vscode/ripgrep-win32-arm64@1.18.0", "", { "os": "win32", "cpu": "arm64" }, "sha512-vfTIjq1OHnzUjxZcHVQAMbnggp8dpGf+0QKFOZHwWPqFwXxQC8eCWM+5NUdoJ6yrElCeMzoUTXoK/LdZaniB+Q=="],

    "@vscode/ripgrep-win32-ia32": ["@vscode/ripgrep-win32-ia32@1.18.0", "", { "os": "win32", "cpu": "ia32" }, "sha512-//rfAE+BOw5AC2EMmepmiE36jUuevtQYNQqqlw1s3m9FlRxjxEut97RkRPHAu9BG4mSojatZx+kXZXNdyI9caQ=="],

    "@vscode/ripgrep-win32-x64": ["@vscode/ripgrep-win32-x64@1.18.0", "", { "os": "win32", "cpu": "x64" }, "sha512-KNPvtElldqILHdnAetujPaowkNbpqJy3ssIGGN6F6Kve9Qi+nNLI2DN01O83JjCEVQbCzl8Ov3QZ9Eov3BR8Dg=="],

    "bun-types": ["bun-types@1.4.0", "", { "dependencies": { "@types/node": "*" } }, "sha512-iIKw23BspnQQYd3prITOBxeUsxBHnwzX6YJfGMuNOZzeNcMmVqzIIVGRm1l69ogaPQmb4wB6BN8mA5bE9YuC5Q=="],

    "diff": ["diff@9.0.0", "", {}, "sha512-svtcdpS8CgJyqAjEQIXdb3OjhFVVYjzGAPO8WGCmRbrml64SPw/jJD4GoE98aR7r25A0XcgrK3F02yw9R/vhQw=="],

    "eventsource-parser": ["eventsource-parser@3.1.1", "", {}, "sha512-EKN1vKAMcZ8MlYMpaNuxN6R9yakzH6uajHcHVTqWJzvu5pWw9DyhbP35HH8MVBQ+dZjAfDxk+A8NiR9KWaXiyQ=="],

    "koffi": ["koffi@3.2.0", "", { "optionalDependencies": { "@koromix/koffi-darwin-arm64": "3.2.0", "@koromix/koffi-darwin-x64": "3.2.0", "@koromix/koffi-freebsd-arm64": "3.2.0", "@koromix/koffi-freebsd-ia32": "3.2.0", "@koromix/koffi-freebsd-x64": "3.2.0", "@koromix/koffi-linux-arm": "3.2.0", "@koromix/koffi-linux-arm64": "3.2.0", "@koromix/koffi-linux-ia32": "3.2.0", "@koromix/koffi-linux-loong64": "3.2.0", "@koromix/koffi-linux-riscv64": "3.2.0", "@koromix/koffi-linux-x64": "3.2.0", "@koromix/koffi-openbsd-ia32": "3.2.0", "@koromix/koffi-openbsd-x64": "3.2.0", "@koromix/koffi-win32-arm64": "3.2.0", "@koromix/koffi-win32-ia32": "3.2.0", "@koromix/koffi-win32-x64": "3.2.0" } }, "sha512-U/7o2QkSGt28UE+74mQyLOdMxUIos9N2RrSwHFcXYLyb1hK1HukSYFQ3RxaEypcWbKUL+JbMheBxGuFn8PRk9w=="],

    "typescript": ["typescript@5.9.3", "", { "bin": { "tsc": "bin/tsc", "tsserver": "bin/tsserver" } }, "sha512-jl1vZzPDinLr9eUt3J/t7V6FgNEw9QjvBPdysz9KfQDD41fQrC2Y4vKQdiaUpFT4bXlb1RHhLpp8wtm6M5TgSw=="],

    "undici-types": ["undici-types@8.3.0", "", {}, "sha512-j375ScV60dom+YkPFIfTLcOiPxkN/buHz5GobjLhixFuANaNs3C9l4GmrWqejgXWJ7BbJcFYpTEUkS1Ge8bpZQ=="],

    "zod": ["zod@4.5.4", "", {}, "sha512-sC95tT5iHHH9gtpj6A81kh+NEaRAUFN+qlUPDUbRfOMvNf5QCBqsb3WgvnpVtK5Y+4UfA6KqufotuTvMGiTlsA=="],
  }
}
